
Microsoft Visual Studio Solution File, Format Version 12.00
# Visual Studio Version 17
VisualStudioVersion = 17.11.35208.52
MinimumVisualStudioVersion = 10.0.40219.1
Project("{FAE04EC0-301F-11D3-BF4B-00C04F79EFBC}") = "IncidentWebAppMVC", "IncidentWebAppMVC.csproj", "{7A260A88-8829-4FA0-A09B-9243A66885D8}"
EndProject
Global
	GlobalSection(SolutionConfigurationPlatforms) = preSolution
		Debug|Any CPU = Debug|Any CPU
		Release|Any CPU = Release|Any CPU
	EndGlobalSection
	GlobalSection(ProjectConfigurationPlatforms) = postSolution
		{7A260A88-8829-4FA0-A09B-9243A66885D8}.Debug|Any CPU.ActiveCfg = Debug|Any CPU
		{7A260A88-8829-4FA0-A09B-9243A66885D8}.Debug|Any CPU.Build.0 = Debug|Any CPU
		{7A260A88-8829-4FA0-A09B-9243A66885D8}.Release|Any CPU.ActiveCfg = Release|Any CPU
		{7A260A88-8829-4FA0-A09B-9243A66885D8}.Release|Any CPU.Build.0 = Release|Any CPU
	EndGlobalSection
	GlobalSection(SolutionProperties) = preSolution
		HideSolutionNode = FALSE
	EndGlobalSection
	GlobalSection(ExtensibilityGlobals) = postSolution
		SolutionGuid = {F056F565-34BE-4091-B45C-00CAD178EA3A}
	EndGlobalSection
EndGlobal
